
Microsoft Visual Studio Solution File, Format Version 12.00
# Visual Studio Version 17
VisualStudioVersion = 17.0.31903.59
MinimumVisualStudioVersion = 10.0.40219.1
Project("{FAE04EC0-301F-11D3-BF4B-00C04F79EFBC}") = "TwistedFizzBuzz", "TwistedFizzBuzz\TwistedFizzBuzz.csproj", "{6002BBC2-3DA1-4CB3-B64B-CFA0AA2F4D19}"
EndProject
Project("{FAE04EC0-301F-11D3-BF4B-00C04F79EFBC}") = "StdFizzBuzz", "StdFizzBuzz\StdFizzBuzz.csproj", "{42D6C8EC-0DB0-41C6-8C91-C4B51F7AC218}"
EndProject
Project("{FAE04EC0-301F-11D3-BF4B-00C04F79EFBC}") = "CustomFizzBuzz", "CustomFizzBuzz\CustomFizzBuzz.csproj", "{3439F486-D4C8-48E0-BD23-1CE7EEAD0BEF}"
EndProject
Project("{FAE04EC0-301F-11D3-BF4B-00C04F79EFBC}") = "FizzBuzzLibraryTest", "FizzBuzzLibraryTest\FizzBuzzLibraryTest.csproj", "{C0BC6B7B-0222-4A18-AE18-D6D10D65AB23}"
EndProject
Global
	GlobalSection(SolutionConfigurationPlatforms) = preSolution
		Debug|Any CPU = Debug|Any CPU
		Release|Any CPU = Release|Any CPU
	EndGlobalSection
	GlobalSection(SolutionProperties) = preSolution
		HideSolutionNode = FALSE
	EndGlobalSection
	GlobalSection(ProjectConfigurationPlatforms) = postSolution
		{6002BBC2-3DA1-4CB3-B64B-CFA0AA2F4D19}.Debug|Any CPU.ActiveCfg = Debug|Any CPU
		{6002BBC2-3DA1-4CB3-B64B-CFA0AA2F4D19}.Debug|Any CPU.Build.0 = Debug|Any CPU
		{6002BBC2-3DA1-4CB3-B64B-CFA0AA2F4D19}.Release|Any CPU.ActiveCfg = Release|Any CPU
		{6002BBC2-3DA1-4CB3-B64B-CFA0AA2F4D19}.Release|Any CPU.Build.0 = Release|Any CPU
		{42D6C8EC-0DB0-41C6-8C91-C4B51F7AC218}.Debug|Any CPU.ActiveCfg = Debug|Any CPU
		{42D6C8EC-0DB0-41C6-8C91-C4B51F7AC218}.Debug|Any CPU.Build.0 = Debug|Any CPU
		{42D6C8EC-0DB0-41C6-8C91-C4B51F7AC218}.Release|Any CPU.ActiveCfg = Release|Any CPU
		{42D6C8EC-0DB0-41C6-8C91-C4B51F7AC218}.Release|Any CPU.Build.0 = Release|Any CPU
		{3439F486-D4C8-48E0-BD23-1CE7EEAD0BEF}.Debug|Any CPU.ActiveCfg = Debug|Any CPU
		{3439F486-D4C8-48E0-BD23-1CE7EEAD0BEF}.Debug|Any CPU.Build.0 = Debug|Any CPU
		{3439F486-D4C8-48E0-BD23-1CE7EEAD0BEF}.Release|Any CPU.ActiveCfg = Release|Any CPU
		{3439F486-D4C8-48E0-BD23-1CE7EEAD0BEF}.Release|Any CPU.Build.0 = Release|Any CPU
		{C0BC6B7B-0222-4A18-AE18-D6D10D65AB23}.Debug|Any CPU.ActiveCfg = Debug|Any CPU
		{C0BC6B7B-0222-4A18-AE18-D6D10D65AB23}.Debug|Any CPU.Build.0 = Debug|Any CPU
		{C0BC6B7B-0222-4A18-AE18-D6D10D65AB23}.Release|Any CPU.ActiveCfg = Release|Any CPU
		{C0BC6B7B-0222-4A18-AE18-D6D10D65AB23}.Release|Any CPU.Build.0 = Release|Any CPU
	EndGlobalSection
EndGlobal
